
Microsoft Visual Studio Solution File, Format Version 12.00
# Visual Studio 15
VisualStudioVersion = 15.0.28307.271
MinimumVisualStudioVersion = 10.0.40219.1
Project("{9A19103F-16F7-4668-BE54-9A1E7A4F7556}") = "POS", "POS\POS.csproj", "{B605CE34-8409-4C62-9D3F-186DD8816941}"
EndProject
Global
	GlobalSection(SolutionConfigurationPlatforms) = preSolution
		Debug|Any CPU = Debug|Any CPU
		Release|Any CPU = Release|Any CPU
	EndGlobalSection
	GlobalSection(ProjectConfigurationPlatforms) = postSolution
		{B605CE34-8409-4C62-9D3F-186DD8816941}.Debug|Any CPU.ActiveCfg = Debug|Any CPU
		{B605CE34-8409-4C62-9D3F-186DD8816941}.Debug|Any CPU.Build.0 = Debug|Any CPU
		{B605CE34-8409-4C62-9D3F-186DD8816941}.Release|Any CPU.ActiveCfg = Release|Any CPU
		{B605CE34-8409-4C62-9D3F-186DD8816941}.Release|Any CPU.Build.0 = Release|Any CPU
	EndGlobalSection
	GlobalSection(SolutionProperties) = preSolution
		HideSolutionNode = FALSE
	EndGlobalSection
	GlobalSection(ExtensibilityGlobals) = postSolution
		SolutionGuid = {E7716D2A-AF83-4B06-AB75-79E02E3E1CDF}
	EndGlobalSection
EndGlobal
